Microsoft Visual Studio Solution File, Format Version 12.00
# Visual Studio Version 17
VisualStudioVersion = 17.5.2.0
MinimumVisualStudioVersion = 10.0.40219.1
Project("{FAE04EC0-301F-11D3-BF4B-00C04F79EFBC}") = "NetworkHUD", "NetworkHUD.csproj", "{0A4E4343-9BFF-A325-1B88-B532893EA8BF}"
EndProject
Global
	GlobalSection(SolutionConfigurationPlatforms) = preSolution
		Debug|Any CPU = Debug|Any CPU
		Release|Any CPU = Release|Any CPU
	EndGlobalSection
	GlobalSection(ProjectConfigurationPlatforms) = postSolution
		{0A4E4343-9BFF-A325-1B88-B532893EA8BF}.Debug|Any CPU.ActiveCfg = Debug|Any CPU
		{0A4E4343-9BFF-A325-1B88-B532893EA8BF}.Debug|Any CPU.Build.0 = Debug|Any CPU
		{0A4E4343-9BFF-A325-1B88-B532893EA8BF}.Release|Any CPU.ActiveCfg = Release|Any CPU
		{0A4E4343-9BFF-A325-1B88-B532893EA8BF}.Release|Any CPU.Build.0 = Release|Any CPU
	EndGlobalSection
	GlobalSection(SolutionProperties) = preSolution
		HideSolutionNode = FALSE
	EndGlobalSection
	GlobalSection(ExtensibilityGlobals) = postSolution
		SolutionGuid = {439A9559-A576-46F7-AA58-194F3D3BE888}
	EndGlobalSection
EndGlobal
